// !$*UTF8*$!
{
	archiveVersion = 1;
	classes = {
	};
	objectVersion = 46;
	objects = {

/* Begin PBXBuildFile section */
		0492464B168923A80036A923 /* bofang@2x.png in Resources */ = {isa = PBXBuildFile; fileRef = 0492462F168923A80036A923 /* bofang@2x.png */; };
		0492464C168923A80036A923 /* bofangHighLighted.png in Resources */ = {isa = PBXBuildFile; fileRef = 04924630168923A80036A923 /* bofangHighLighted.png */; };
		0492464D168923A80036A923 /* bofangHighLighted@2x.png in Resources */ = {isa = PBXBuildFile; fileRef = 04924631168923A80036A923 /* bofangHighLighted@2x.png */; };
		0492464E168923A80036A923 /* bofangjian.png in Resources */ = {isa = PBXBuildFile; fileRef = 04924632168923A80036A923 /* bofangjian.png */; };
		0492464F168923A80036A923 /* bofangjian@2x.png in Resources */ = {isa = PBXBuildFile; fileRef = 04924633168923A80036A923 /* bofangjian@2x.png */; };
		04924650168923A80036A923 /* bofangjianHighLighted.png in Resources */ = {isa = PBXBuildFile; fileRef = 04924634168923A80036A923 /* bofangjianHighLighted.png */; };
		04924651168923A80036A923 /* bofangjianHighLighted@2x.png in Resources */ = {isa = PBXBuildFile; fileRef = 04924635168923A80036A923 /* bofangjianHighLighted@2x.png */; };
		04924652168923A80036A923 /* fanhuijian.png in Resources */ = {isa = PBXBuildFile; fileRef = 04924636168923A80036A923 /* fanhuijian.png */; };
		04924653168923A80036A923 /* fanhuijian@2x.png in Resources */ = {isa = PBXBuildFile; fileRef = 04924637168923A80036A923 /* fanhuijian@2x.png */; };
		04924654168923A80036A923 /* fanhuijianHighLighted.png in Resources */ = {isa = PBXBuildFile; fileRef = 04924638168923A80036A923 /* fanhuijianHighLighted.png */; };
		04924655168923A80036A923 /* fanhuijianHighLighted@2x.png in Resources */ = {isa = PBXBuildFile; fileRef = 04924639168923A80036A923 /* fanhuijianHighLighted@2x.png */; };
		04924656168923A80036A923 /* jiaochaanniu.png in Resources */ = {isa = PBXBuildFile; fileRef = 0492463A168923A80036A923 /* jiaochaanniu.png */; };
		04924657168923A80036A923 /* jiaochaanniu@2x.png in Resources */ = {isa = PBXBuildFile; fileRef = 0492463B168923A80036A923 /* jiaochaanniu@2x.png */; };
		04924658168923A80036A923 /* jiaochaanniuHighLighted.png in Resources */ = {isa = PBXBuildFile; fileRef = 0492463C168923A80036A923 /* jiaochaanniuHighLighted.png */; };
		04924659168923A80036A923 /* jiaochaanniuHighLighted@2x.png in Resources */ = {isa = PBXBuildFile; fileRef = 0492463D168923A80036A923 /* jiaochaanniuHighLighted@2x.png */; };
		0492465A168923A80036A923 /* mulu.png in Resources */ = {isa = PBXBuildFile; fileRef = 0492463E168923A80036A923 /* mulu.png */; };
		0492465B168923A80036A923 /* mulu@2x.png in Resources */ = {isa = PBXBuildFile; fileRef = 0492463F168923A80036A923 /* mulu@2x.png */; };
		0492465C168923A80036A923 /* muluHighLighted.png in Resources */ = {isa = PBXBuildFile; fileRef = 04924640168923A80036A923 /* muluHighLighted.png */; };
		0492465D168923A80036A923 /* muluHighLighted@2x.png in Resources */ = {isa = PBXBuildFile; fileRef = 04924641168923A80036A923 /* muluHighLighted@2x.png */; };
		0492465E168923A80036A923 /* shezhijian.png in Resources */ = {isa = PBXBuildFile; fileRef = 04924642168923A80036A923 /* shezhijian.png */; };
		0492465F168923A80036A923 /* shezhijian@2x.png in Resources */ = {isa = PBXBuildFile; fileRef = 04924643168923A80036A923 /* shezhijian@2x.png */; };
		04924660168923A80036A923 /* shezhijianHighLighted.png in Resources */ = {isa = PBXBuildFile; fileRef = 04924644168923A80036A923 /* shezhijianHighLighted.png */; };
		04924661168923A80036A923 /* shezhijianHighLighted@2x.png in Resources */ = {isa = PBXBuildFile; fileRef = 04924645168923A80036A923 /* shezhijianHighLighted@2x.png */; };
		04924662168923A80036A923 /* zanting.png in Resources */ = {isa = PBXBuildFile; fileRef = 04924646168923A80036A923 /* zanting.png */; };
		04924663168923A80036A923 /* zanting@2x.png in Resources */ = {isa = PBXBuildFile; fileRef = 04924647168923A80036A923 /* zanting@2x.png */; };
		04924664168923A80036A923 /* zantinganniuHighLighted.png in Resources */ = {isa = PBXBuildFile; fileRef = 04924648168923A80036A923 /* zantinganniuHighLighted.png */; };
		04924665168923A80036A923 /* zantinganniuHighLighted@2x.png in Resources */ = {isa = PBXBuildFile; fileRef = 04924649168923A80036A923 /* zantinganniuHighLighted@2x.png */; };
		04924670168924690036A923 /* DataModal.m in Sources */ = {isa = PBXBuildFile; fileRef = 0492466F168924690036A923 /* DataModal.m */; };
		04924676168924730036A923 /* ContentsCell.m in Sources */ = {isa = PBXBuildFile; fileRef = 04924673168924730036A923 /* ContentsCell.m */; };
		04924677168924730036A923 /* HeaderForContentsTable.m in Sources */ = {isa = PBXBuildFile; fileRef = 04924675168924730036A923 /* HeaderForContentsTable.m */; };
		0492467F168924780036A923 /* AppDelegate.m in Sources */ = {isa = PBXBuildFile; fileRef = 0492467A168924780036A923 /* AppDelegate.m */; };
		04924680168924780036A923 /* ContentsViewController.m in Sources */ = {isa = PBXBuildFile; fileRef = 0492467C168924780036A923 /* ContentsViewController.m */; };
		04924681168924780036A923 /* RootViewController.m in Sources */ = {isa = PBXBuildFile; fileRef = 0492467E168924780036A923 /* RootViewController.m */; };
		8B078FA11689688B00818304 /* images in Resources */ = {isa = PBXBuildFile; fileRef = 8B078FA01689688B00818304 /* images */; };
		8B9BDC50168AE8D200430DBC /* CustomSwipeGestureRecognizer.m in Sources */ = {isa = PBXBuildFile; fileRef = 8B9BDC4F168AE8D200430DBC /* CustomSwipeGestureRecognizer.m */; };
		8BAB16FC1682B57000F37F74 /* UIKit.framework in Frameworks */ = {isa = PBXBuildFile; fileRef = 8BAB16FB1682B57000F37F74 /* UIKit.framework */; };
		8BAB16FE1682B57000F37F74 /* Foundation.framework in Frameworks */ = {isa = PBXBuildFile; fileRef = 8BAB16FD1682B57000F37F74 /* Foundation.framework */; };
		8BAB17001682B57000F37F74 /* CoreGraphics.framework in Frameworks */ = {isa = PBXBuildFile; fileRef = 8BAB16FF1682B57000F37F74 /* CoreGraphics.framework */; };
		8BAB17061682B57000F37F74 /* InfoPlist.strings in Resources */ = {isa = PBXBuildFile; fileRef = 8BAB17041682B57000F37F74 /* InfoPlist.strings */; };
		8BAB17081682B57000F37F74 /* main.m in Sources */ = {isa = PBXBuildFile; fileRef = 8BAB17071682B57000F37F74 /* main.m */; };
		8BAB17131682B71F00F37F74 /* html in Resources */ = {isa = PBXBuildFile; fileRef = 8BAB17121682B71F00F37F74 /* html */; };
		CE90AF981684C55100C72CC7 /* QuartzCore.framework in Frameworks */ = {isa = PBXBuildFile; fileRef = CE90AF971684C55100C72CC7 /* QuartzCore.framework */; };
/* End PBXBuildFile section */

/* Begin PBXFileReference section */
		0492462F168923A80036A923 /* bofang@2x.png */ = {isa = PBXFileReference; lastKnownFileType = image.png; path = "bofang@2x.png"; sourceTree = "<group>"; };
		04924630168923A80036A923 /* bofangHighLighted.png */ = {isa = PBXFileReference; lastKnownFileType = image.png; path = bofangHighLighted.png; sourceTree = "<group>"; };
		04924631168923A80036A923 /* bofangHighLighted@2x.png */ = {isa = PBXFileReference; lastKnownFileType = image.png; path = "bofangHighLighted@2x.png"; sourceTree = "<group>"; };
		04924632168923A80036A923 /* bofangjian.png */ = {isa = PBXFileReference; lastKnownFileType = image.png; path = bofangjian.png; sourceTree = "<group>"; };
		04924633168923A80036A923 /* bofangjian@2x.png */ = {isa = PBXFileReference; lastKnownFileType = image.png; path = "bofangjian@2x.png"; sourceTree = "<group>"; };
		04924634168923A80036A923 /* bofangjianHighLighted.png */ = {isa = PBXFileReference; lastKnownFileType = image.png; path = bofangjianHighLighted.png; sourceTree = "<group>"; };
		04924635168923A80036A923 /* bofangjianHighLighted@2x.png */ = {isa = PBXFileReference; lastKnownFileType = image.png; path = "bofangjianHighLighted@2x.png"; sourceTree = "<group>"; };
		04924636168923A80036A923 /* fanhuijian.png */ = {isa = PBXFileReference; lastKnownFileType = image.png; path = fanhuijian.png; sourceTree = "<group>"; };
		04924637168923A80036A923 /* fanhuijian@2x.png */ = {isa = PBXFileReference; lastKnownFileType = image.png; path = "fanhuijian@2x.png"; sourceTree = "<group>"; };
		04924638168923A80036A923 /* fanhuijianHighLighted.png */ = {isa = PBXFileReference; lastKnownFileType = image.png; path = fanhuijianHighLighted.png; sourceTree = "<group>"; };
		04924639168923A80036A923 /* fanhuijianHighLighted@2x.png */ = {isa = PBXFileReference; lastKnownFileType = image.png; path = "fanhuijianHighLighted@2x.png"; sourceTree = "<group>"; };
		0492463A168923A80036A923 /* jiaochaanniu.png */ = {isa = PBXFileReference; lastKnownFileType = image.png; path = jiaochaanniu.png; sourceTree = "<group>"; };
		0492463B168923A80036A923 /* jiaochaanniu@2x.png */ = {isa = PBXFileReference; lastKnownFileType = image.png; path = "jiaochaanniu@2x.png"; sourceTree = "<group>"; };
		0492463C168923A80036A923 /* jiaochaanniuHighLighted.png */ = {isa = PBXFileReference; lastKnownFileType = image.png; path = jiaochaanniuHighLighted.png; sourceTree = "<group>"; };
		0492463D168923A80036A923 /* jiaochaanniuHighLighted@2x.png */ = {isa = PBXFileReference; lastKnownFileType = image.png; path = "jiaochaanniuHighLighted@2x.png"; sourceTree = "<group>"; };
		0492463E168923A80036A923 /* mulu.png */ = {isa = PBXFileReference; lastKnownFileType = image.png; path = mulu.png; sourceTree = "<group>"; };
		0492463F168923A80036A923 /* mulu@2x.png */ = {isa = PBXFileReference; lastKnownFileType = image.png; path = "mulu@2x.png"; sourceTree = "<group>"; };
		04924640168923A80036A923 /* muluHighLighted.png */ = {isa = PBXFileReference; lastKnownFileType = image.png; path = muluHighLighted.png; sourceTree = "<group>"; };
		04924641168923A80036A923 /* muluHighLighted@2x.png */ = {isa = PBXFileReference; lastKnownFileType = image.png; path = "muluHighLighted@2x.png"; sourceTree = "<group>"; };
		04924642168923A80036A923 /* shezhijian.png */ = {isa = PBXFileReference; lastKnownFileType = image.png; path = shezhijian.png; sourceTree = "<group>"; };
		04924643168923A80036A923 /* shezhijian@2x.png */ = {isa = PBXFileReference; lastKnownFileType = image.png; path = "shezhijian@2x.png"; sourceTree = "<group>"; };
		04924644168923A80036A923 /* shezhijianHighLighted.png */ = {isa = PBXFileReference; lastKnownFileType = image.png; path = shezhijianHighLighted.png; sourceTree = "<group>"; };
		04924645168923A80036A923 /* shezhijianHighLighted@2x.png */ = {isa = PBXFileReference; lastKnownFileType = image.png; path = "shezhijianHighLighted@2x.png"; sourceTree = "<group>"; };
		04924646168923A80036A923 /* zanting.png */ = {isa = PBXFileReference; lastKnownFileType = image.png; path = zanting.png; sourceTree = "<group>"; };
		04924647168923A80036A923 /* zanting@2x.png */ = {isa = PBXFileReference; lastKnownFileType = image.png; path = "zanting@2x.png"; sourceTree = "<group>"; };
		04924648168923A80036A923 /* zantinganniuHighLighted.png */ = {isa = PBXFileReference; lastKnownFileType = image.png; path = zantinganniuHighLighted.png; sourceTree = "<group>"; };
		04924649168923A80036A923 /* zantinganniuHighLighted@2x.png */ = {isa = PBXFileReference; lastKnownFileType = image.png; path = "zantinganniuHighLighted@2x.png"; sourceTree = "<group>"; };
		0492466E168924690036A923 /* DataModal.h */ = {isa = PBXFileReference; fileEncoding = 4; lastKnownFileType = sourcecode.c.h; path = DataModal.h; sourceTree = "<group>"; };
		0492466F168924690036A923 /* DataModal.m */ = {isa = PBXFileReference; fileEncoding = 4; lastKnownFileType = sourcecode.c.objc; path = DataModal.m; sourceTree = "<group>"; };
		04924672168924730036A923 /* ContentsCell.h */ = {isa = PBXFileReference; fileEncoding = 4; lastKnownFileType = sourcecode.c.h; path = ContentsCell.h; sourceTree = "<group>"; };
		04924673168924730036A923 /* ContentsCell.m */ = {isa = PBXFileReference; fileEncoding = 4; lastKnownFileType = sourcecode.c.objc; path = ContentsCell.m; sourceTree = "<group>"; };
		04924674168924730036A923 /* HeaderForContentsTable.h */ = {isa = PBXFileReference; fileEncoding = 4; lastKnownFileType = sourcecode.c.h; path = HeaderForContentsTable.h; sourceTree = "<group>"; };
		04924675168924730036A923 /* HeaderForContentsTable.m */ = {isa = PBXFileReference; fileEncoding = 4; lastKnownFileType = sourcecode.c.objc; path = HeaderForContentsTable.m; sourceTree = "<group>"; };
		04924679168924780036A923 /* AppDelegate.h */ = {isa = PBXFileReference; fileEncoding = 4; lastKnownFileType = sourcecode.c.h; path = AppDelegate.h; sourceTree = "<group>"; };
		0492467A168924780036A923 /* AppDelegate.m */ = {isa = PBXFileReference; fileEncoding = 4; lastKnownFileType = sourcecode.c.objc; path = AppDelegate.m; sourceTree = "<group>"; };
		0492467B168924780036A923 /* ContentsViewController.h */ = {isa = PBXFileReference; fileEncoding = 4; lastKnownFileType = sourcecode.c.h; path = ContentsViewController.h; sourceTree = "<group>"; };
		0492467C168924780036A923 /* ContentsViewController.m */ = {isa = PBXFileReference; fileEncoding = 4; lastKnownFileType = sourcecode.c.objc; path = ContentsViewController.m; sourceTree = "<group>"; };
		0492467D168924780036A923 /* RootViewController.h */ = {isa = PBXFileReference; fileEncoding = 4; lastKnownFileType = sourcecode.c.h; path = RootViewController.h; sourceTree = "<group>"; };
		0492467E168924780036A923 /* RootViewController.m */ = {isa = PBXFileReference; fileEncoding = 4; lastKnownFileType = sourcecode.c.objc; path = RootViewController.m; sourceTree = "<group>"; };
		8B078FA01689688B00818304 /* images */ = {isa = PBXFileReference; lastKnownFileType = folder; path = images; sourceTree = "<group>"; };
		8B9BDC4E168AE8D200430DBC /* CustomSwipeGestureRecognizer.h */ = {isa = PBXFileReference; fileEncoding = 4; lastKnownFileType = sourcecode.c.h; path = CustomSwipeGestureRecognizer.h; sourceTree = "<group>"; };
		8B9BDC4F168AE8D200430DBC /* CustomSwipeGestureRecognizer.m */ = {isa = PBXFileReference; fileEncoding = 4; lastKnownFileType = sourcecode.c.objc; path = CustomSwipeGestureRecognizer.m; sourceTree = "<group>"; };
		8BAB16F71682B57000F37F74 /* MusicHeaven.app */ = {isa = PBXFileReference; explicitFileType = wrapper.application; includeInIndex = 0; path = MusicHeaven.app; sourceTree = BUILT_PRODUCTS_DIR; };
		8BAB16FB1682B57000F37F74 /* UIKit.framework */ = {isa = PBXFileReference; lastKnownFileType = wrapper.framework; name = UIKit.framework; path = System/Library/Frameworks/UIKit.framework; sourceTree = SDKROOT; };
		8BAB16FD1682B57000F37F74 /* Foundation.framework */ = {isa = PBXFileReference; lastKnownFileType = wrapper.framework; name = Foundation.framework; path = System/Library/Frameworks/Foundation.framework; sourceTree = SDKROOT; };
		8BAB16FF1682B57000F37F74 /* CoreGraphics.framework */ = {isa = PBXFileReference; lastKnownFileType = wrapper.framework; name = CoreGraphics.framework; path = System/Library/Frameworks/CoreGraphics.framework; sourceTree = SDKROOT; };
		8BAB17031682B57000F37F74 /* MusicHeaven-Info.plist */ = {isa = PBXFileReference; lastKnownFileType = text.plist.xml; path = "MusicHeaven-Info.plist"; sourceTree = "<group>"; };
		8BAB17051682B57000F37F74 /* en */ = {isa = PBXFileReference; lastKnownFileType = text.plist.strings; name = en; path = en.lproj/InfoPlist.strings; sourceTree = "<group>"; };
		8BAB17071682B57000F37F74 /* main.m */ = {isa = PBXFileReference; lastKnownFileType = sourcecode.c.objc; path = main.m; sourceTree = "<group>"; };
		8BAB17091682B57000F37F74 /* MusicHeaven-Prefix.pch */ = {isa = PBXFileReference; lastKnownFileType = sourcecode.c.h; path = "MusicHeaven-Prefix.pch"; sourceTree = "<group>"; };
		8BAB17121682B71F00F37F74 /* html */ = {isa = PBXFileReference; lastKnownFileType = folder; path = html; sourceTree = "<group>"; };
		CE90AF971684C55100C72CC7 /* QuartzCore.framework */ = {isa = PBXFileReference; lastKnownFileType = wrapper.framework; name = QuartzCore.framework; path = System/Library/Frameworks/QuartzCore.framework; sourceTree = SDKROOT; };
/* End PBXFileReference section */

/* Begin PBXFrameworksBuildPhase section */
		8BAB16F41682B57000F37F74 /* Frameworks */ = {
			isa = PBXFrameworksBuildPhase;
			buildActionMask = 2147483647;
			files = (
				CE90AF981684C55100C72CC7 /* QuartzCore.framework in Frameworks */,
				8BAB16FC1682B57000F37F74 /* UIKit.framework in Frameworks */,
				8BAB16FE1682B57000F37F74 /* Foundation.framework in Frameworks */,
				8BAB17001682B57000F37F74 /* CoreGraphics.framework in Frameworks */,
			);
			runOnlyForDeploymentPostprocessing = 0;
		};
/* End PBXFrameworksBuildPhase section */

/* Begin PBXGroup section */
		0492462D168923A80036A923 /* UI */ = {
			isa = PBXGroup;
			children = (
				0492462F168923A80036A923 /* bofang@2x.png */,
				04924630168923A80036A923 /* bofangHighLighted.png */,
				04924631168923A80036A923 /* bofangHighLighted@2x.png */,
				04924632168923A80036A923 /* bofangjian.png */,
				04924633168923A80036A923 /* bofangjian@2x.png */,
				04924634168923A80036A923 /* bofangjianHighLighted.png */,
				04924635168923A80036A923 /* bofangjianHighLighted@2x.png */,
				04924636168923A80036A923 /* fanhuijian.png */,
				04924637168923A80036A923 /* fanhuijian@2x.png */,
				04924638168923A80036A923 /* fanhuijianHighLighted.png */,
				04924639168923A80036A923 /* fanhuijianHighLighted@2x.png */,
				0492463A168923A80036A923 /* jiaochaanniu.png */,
				0492463B168923A80036A923 /* jiaochaanniu@2x.png */,
				0492463C168923A80036A923 /* jiaochaanniuHighLighted.png */,
				0492463D168923A80036A923 /* jiaochaanniuHighLighted@2x.png */,
				0492463E168923A80036A923 /* mulu.png */,
				0492463F168923A80036A923 /* mulu@2x.png */,
				04924640168923A80036A923 /* muluHighLighted.png */,
				04924641168923A80036A923 /* muluHighLighted@2x.png */,
				04924642168923A80036A923 /* shezhijian.png */,
				04924643168923A80036A923 /* shezhijian@2x.png */,
				04924644168923A80036A923 /* shezhijianHighLighted.png */,
				04924645168923A80036A923 /* shezhijianHighLighted@2x.png */,
				04924646168923A80036A923 /* zanting.png */,
				04924647168923A80036A923 /* zanting@2x.png */,
				04924648168923A80036A923 /* zantinganniuHighLighted.png */,
				04924649168923A80036A923 /* zantinganniuHighLighted@2x.png */,
			);
			path = UI;
			sourceTree = "<group>";
		};
		0492466D168924690036A923 /* Models */ = {
			isa = PBXGroup;
			children = (
				0492466E168924690036A923 /* DataModal.h */,
				0492466F168924690036A923 /* DataModal.m */,
			);
			name = Models;
			path = ../../../GITworkspace/MusicHeaven/MusicHeaven/Models;
			sourceTree = "<group>";
		};
		04924671168924730036A923 /* Views */ = {
			isa = PBXGroup;
			children = (
				04924672168924730036A923 /* ContentsCell.h */,
				04924673168924730036A923 /* ContentsCell.m */,
				04924674168924730036A923 /* HeaderForContentsTable.h */,
				04924675168924730036A923 /* HeaderForContentsTable.m */,
			);
			name = Views;
			path = ../../../GITworkspace/MusicHeaven/MusicHeaven/Views;
			sourceTree = "<group>";
		};
		04924678168924780036A923 /* ViewControllers */ = {
			isa = PBXGroup;
			children = (
				04924679168924780036A923 /* AppDelegate.h */,
				0492467A168924780036A923 /* AppDelegate.m */,
				0492467B168924780036A923 /* ContentsViewController.h */,
				0492467C168924780036A923 /* ContentsViewController.m */,
				0492467D168924780036A923 /* RootViewController.h */,
				0492467E168924780036A923 /* RootViewController.m */,
			);
			name = ViewControllers;
			path = ../../../GITworkspace/MusicHeaven/MusicHeaven/ViewControllers;
			sourceTree = "<group>";
		};
		8B9BDC4D168AE87F00430DBC /* CustomGestureRecognizer */ = {
			isa = PBXGroup;
			children = (
				8B9BDC4E168AE8D200430DBC /* CustomSwipeGestureRecognizer.h */,
				8B9BDC4F168AE8D200430DBC /* CustomSwipeGestureRecognizer.m */,
			);
			name = CustomGestureRecognizer;
			sourceTree = "<group>";
		};
		8BAB16EC1682B57000F37F74 = {
			isa = PBXGroup;
			children = (
				8B9BDC4D168AE87F00430DBC /* CustomGestureRecognizer */,
				8B078FA01689688B00818304 /* images */,
				8BAB17121682B71F00F37F74 /* html */,
				8BAB17011682B57000F37F74 /* MusicHeaven */,
				8BAB16FA1682B57000F37F74 /* Frameworks */,
				8BAB16F81682B57000F37F74 /* Products */,
			);
			sourceTree = "<group>";
		};
		8BAB16F81682B57000F37F74 /* Products */ = {
			isa = PBXGroup;
			children = (
				8BAB16F71682B57000F37F74 /* MusicHeaven.app */,
			);
			name = Products;
			sourceTree = "<group>";
		};
		8BAB16FA1682B57000F37F74 /* Frameworks */ = {
			isa = PBXGroup;
			children = (
				CE90AF971684C55100C72CC7 /* QuartzCore.framework */,
				8BAB16FB1682B57000F37F74 /* UIKit.framework */,
				8BAB16FD1682B57000F37F74 /* Foundation.framework */,
				8BAB16FF1682B57000F37F74 /* CoreGraphics.framework */,
			);
			name = Frameworks;
			sourceTree = "<group>";
		};
		8BAB17011682B57000F37F74 /* MusicHeaven */ = {
			isa = PBXGroup;
			children = (
				04924678168924780036A923 /* ViewControllers */,
				04924671168924730036A923 /* Views */,
				0492466D168924690036A923 /* Models */,
				8BAB17021682B57000F37F74 /* Supporting Files */,
			);
			path = MusicHeaven;
			sourceTree = "<group>";
		};
		8BAB17021682B57000F37F74 /* Supporting Files */ = {
			isa = PBXGroup;
			children = (
				0492462D168923A80036A923 /* UI */,
				8BAB17031682B57000F37F74 /* MusicHeaven-Info.plist */,
				8BAB17041682B57000F37F74 /* InfoPlist.strings */,
				8BAB17071682B57000F37F74 /* main.m */,
				8BAB17091682B57000F37F74 /* MusicHeaven-Prefix.pch */,
			);
			name = "Supporting Files";
			sourceTree = "<group>";
		};
/* End PBXGroup section */

/* Begin PBXNativeTarget section */
		8BAB16F61682B57000F37F74 /* MusicHeaven */ = {
			isa = PBXNativeTarget;
			buildConfigurationList = 8BAB170F1682B57100F37F74 /* Build configuration list for PBXNativeTarget "MusicHeaven" */;
			buildPhases = (
				8BAB16F31682B57000F37F74 /* Sources */,
				8BAB16F41682B57000F37F74 /* Frameworks */,
				8BAB16F51682B57000F37F74 /* Resources */,
			);
			buildRules = (
			);
			dependencies = (
			);
			name = MusicHeaven;
			productName = MusicHeaven;
			productReference = 8BAB16F71682B57000F37F74 /* MusicHeaven.app */;
			productType = "com.apple.product-type.application";
		};
/* End PBXNativeTarget section */

/* Begin PBXProject section */
		8BAB16EE1682B57000F37F74 /* Project object */ = {
			isa = PBXProject;
			attributes = {
				LastUpgradeCheck = 0430;
				ORGANIZATIONNAME = ABC;
			};
			buildConfigurationList = 8BAB16F11682B57000F37F74 /* Build configuration list for PBXProject "MusicHeaven" */;
			compatibilityVersion = "Xcode 3.2";
			developmentRegion = English;
			hasScannedForEncodings = 0;
			knownRegions = (
				en,
			);
			mainGroup = 8BAB16EC1682B57000F37F74;
			productRefGroup = 8BAB16F81682B57000F37F74 /* Products */;
			projectDirPath = "";
			projectRoot = "";
			targets = (
				8BAB16F61682B57000F37F74 /* MusicHeaven */,
			);
		};
/* End PBXProject section */

/* Begin PBXResourcesBuildPhase section */
		8BAB16F51682B57000F37F74 /* Resources */ = {
			isa = PBXResourcesBuildPhase;
			buildActionMask = 2147483647;
			files = (
				8BAB17061682B57000F37F74 /* InfoPlist.strings in Resources */,
				8BAB17131682B71F00F37F74 /* html in Resources */,
				0492464B168923A80036A923 /* bofang@2x.png in Resources */,
				0492464C168923A80036A923 /* bofangHighLighted.png in Resources */,
				0492464D168923A80036A923 /* bofangHighLighted@2x.png in Resources */,
				0492464E168923A80036A923 /* bofangjian.png in Resources */,
				0492464F168923A80036A923 /* bofangjian@2x.png in Resources */,
				04924650168923A80036A923 /* bofangjianHighLighted.png in Resources */,
				04924651168923A80036A923 /* bofangjianHighLighted@2x.png in Resources */,
				04924652168923A80036A923 /* fanhuijian.png in Resources */,
				04924653168923A80036A923 /* fanhuijian@2x.png in Resources */,
				04924654168923A80036A923 /* fanhuijianHighLighted.png in Resources */,
				04924655168923A80036A923 /* fanhuijianHighLighted@2x.png in Resources */,
				04924656168923A80036A923 /* jiaochaanniu.png in Resources */,
				04924657168923A80036A923 /* jiaochaanniu@2x.png in Resources */,
				04924658168923A80036A923 /* jiaochaanniuHighLighted.png in Resources */,
				04924659168923A80036A923 /* jiaochaanniuHighLighted@2x.png in Resources */,
				0492465A168923A80036A923 /* mulu.png in Resources */,
				0492465B168923A80036A923 /* mulu@2x.png in Resources */,
				0492465C168923A80036A923 /* muluHighLighted.png in Resources */,
				0492465D168923A80036A923 /* muluHighLighted@2x.png in Resources */,
				0492465E168923A80036A923 /* shezhijian.png in Resources */,
				0492465F168923A80036A923 /* shezhijian@2x.png in Resources */,
				04924660168923A80036A923 /* shezhijianHighLighted.png in Resources */,
				04924661168923A80036A923 /* shezhijianHighLighted@2x.png in Resources */,
				04924662168923A80036A923 /* zanting.png in Resources */,
				04924663168923A80036A923 /* zanting@2x.png in Resources */,
				04924664168923A80036A923 /* zantinganniuHighLighted.png in Resources */,
				04924665168923A80036A923 /* zantinganniuHighLighted@2x.png in Resources */,
				8B078FA11689688B00818304 /* images in Resources */,
			);
			runOnlyForDeploymentPostprocessing = 0;
		};
/* End PBXResourcesBuildPhase section */

/* Begin PBXSourcesBuildPhase section */
		8BAB16F31682B57000F37F74 /* Sources */ = {
			isa = PBXSourcesBuildPhase;
			buildActionMask = 2147483647;
			files = (
				8BAB17081682B57000F37F74 /* main.m in Sources */,
				04924670168924690036A923 /* DataModal.m in Sources */,
				04924676168924730036A923 /* ContentsCell.m in Sources */,
				04924677168924730036A923 /* HeaderForContentsTable.m in Sources */,
				0492467F168924780036A923 /* AppDelegate.m in Sources */,
				04924680168924780036A923 /* ContentsViewController.m in Sources */,
				04924681168924780036A923 /* RootViewController.m in Sources */,
				8B9BDC50168AE8D200430DBC /* CustomSwipeGestureRecognizer.m in Sources */,
			);
			runOnlyForDeploymentPostprocessing = 0;
		};
/* End PBXSourcesBuildPhase section */

/* Begin PBXVariantGroup section */
		8BAB17041682B57000F37F74 /* InfoPlist.strings */ = {
			isa = PBXVariantGroup;
			children = (
				8BAB17051682B57000F37F74 /* en */,
			);
			name = InfoPlist.strings;
			sourceTree = "<group>";
		};
/* End PBXVariantGroup section */

/* Begin XCBuildConfiguration section */
		8BAB170D1682B57100F37F74 /* Debug */ = {
			isa = XCBuildConfiguration;
			buildSettings = {
				ALWAYS_SEARCH_USER_PATHS = NO;
				ARCHS = "$(ARCHS_STANDARD_32_BIT)";
				CLANG_ENABLE_OBJC_ARC = YES;
				CODE_SIGN_IDENTITY = "iPhone Distribution: GAN XIAN";
				"CODE_SIGN_IDENTITY[sdk=iphoneos*]" = "iPhone Distribution: GAN XIAN";
				COPY_PHASE_STRIP = NO;
				GCC_C_LANGUAGE_STANDARD = gnu99;
				GCC_DYNAMIC_NO_PIC = NO;
				GCC_OPTIMIZATION_LEVEL = 0;
				GCC_PREPROCESSOR_DEFINITIONS = (
					"DEBUG=1",
					"$(inherited)",
				);
				GCC_SYMBOLS_PRIVATE_EXTERN = NO;
				GCC_VERSION = com.apple.compilers.llvm.clang.1_0;
				GCC_WARN_ABOUT_RETURN_TYPE = YES;
				GCC_WARN_UNINITIALIZED_AUTOS = YES;
				GCC_WARN_UNUSED_VARIABLE = YES;
				IPHONEOS_DEPLOYMENT_TARGET = 4.3;
				PROVISIONING_PROFILE = "FAAACED6-A210-467C-8920-156B28690196";
				"PROVISIONING_PROFILE[sdk=iphoneos*]" = "FAAACED6-A210-467C-8920-156B28690196";
				SDKROOT = iphoneos;
				TARGETED_DEVICE_FAMILY = 2;
			};
			name = Debug;
		};
		8BAB170E1682B57100F37F74 /* Release */ = {
			isa = XCBuildConfiguration;
			buildSettings = {
				ALWAYS_SEARCH_USER_PATHS = NO;
				ARCHS = "$(ARCHS_STANDARD_32_BIT)";
				CLANG_ENABLE_OBJC_ARC = YES;
				CODE_SIGN_IDENTITY = "iPhone Distribution: GAN XIAN";
				"CODE_SIGN_IDENTITY[sdk=iphoneos*]" = "iPhone Distribution: GAN XIAN";
				COPY_PHASE_STRIP = YES;
				GCC_C_LANGUAGE_STANDARD = gnu99;
				GCC_VERSION = com.apple.compilers.llvm.clang.1_0;
				GCC_WARN_ABOUT_RETURN_TYPE = YES;
				GCC_WARN_UNINITIALIZED_AUTOS = YES;
				GCC_WARN_UNUSED_VARIABLE = YES;
				IPHONEOS_DEPLOYMENT_TARGET = 4.3;
				OTHER_CFLAGS = "-DNS_BLOCK_ASSERTIONS=1";
				PROVISIONING_PROFILE = "FAAACED6-A210-467C-8920-156B28690196";
				"PROVISIONING_PROFILE[sdk=iphoneos*]" = "FAAACED6-A210-467C-8920-156B28690196";
				SDKROOT = iphoneos;
				TARGETED_DEVICE_FAMILY = 2;
				VALIDATE_PRODUCT = YES;
			};
			name = Release;
		};
		8BAB17101682B57100F37F74 /* Debug */ = {
			isa = XCBuildConfiguration;
			buildSettings = {
				CODE_SIGN_IDENTITY = "iPhone Distribution: GAN XIAN";
				"CODE_SIGN_IDENTITY[sdk=iphoneos*]" = "iPhone Distribution: GAN XIAN";
				GCC_PRECOMPILE_PREFIX_HEADER = YES;
				GCC_PREFIX_HEADER = "MusicHeaven/MusicHeaven-Prefix.pch";
				INFOPLIST_FILE = "MusicHeaven/MusicHeaven-Info.plist";
				PRODUCT_NAME = "$(TARGET_NAME)";
				PROVISIONING_PROFILE = "FAAACED6-A210-467C-8920-156B28690196";
				"PROVISIONING_PROFILE[sdk=iphoneos*]" = "FAAACED6-A210-467C-8920-156B28690196";
				WRAPPER_EXTENSION = app;
			};
			name = Debug;
		};
		8BAB17111682B57100F37F74 /* Release */ = {
			isa = XCBuildConfiguration;
			buildSettings = {
				CODE_SIGN_IDENTITY = "iPhone Distribution: GAN XIAN";
				"CODE_SIGN_IDENTITY[sdk=iphoneos*]" = "iPhone Distribution: GAN XIAN";
				GCC_PRECOMPILE_PREFIX_HEADER = YES;
				GCC_PREFIX_HEADER = "MusicHeaven/MusicHeaven-Prefix.pch";
				INFOPLIST_FILE = "MusicHeaven/MusicHeaven-Info.plist";
				PRODUCT_NAME = "$(TARGET_NAME)";
				PROVISIONING_PROFILE = "FAAACED6-A210-467C-8920-156B28690196";
				"PROVISIONING_PROFILE[sdk=iphoneos*]" = "FAAACED6-A210-467C-8920-156B28690196";
				WRAPPER_EXTENSION = app;
			};
			name = Release;
		};
/* End XCBuildConfiguration section */

/* Begin XCConfigurationList section */
		8BAB16F11682B57000F37F74 /* Build configuration list for PBXProject "MusicHeaven" */ = {
			isa = XCConfigurationList;
			buildConfigurations = (
				8BAB170D1682B57100F37F74 /* Debug */,
				8BAB170E1682B57100F37F74 /* Release */,
			);
			defaultConfigurationIsVisible = 0;
			defaultConfigurationName = Release;
		};
		8BAB170F1682B57100F37F74 /* Build configuration list for PBXNativeTarget "MusicHeaven" */ = {
			isa = XCConfigurationList;
			buildConfigurations = (
				8BAB17101682B57100F37F74 /* Debug */,
				8BAB17111682B57100F37F74 /* Release */,
			);
			defaultConfigurationIsVisible = 0;
			defaultConfigurationName = Release;
		};
/* End XCConfigurationList section */
	};
	rootObject = 8BAB16EE1682B57000F37F74 /* Project object */;
}
